
Microsoft Visual Studio Solution File, Format Version 12.00
# Visual Studio 14
VisualStudioVersion = 14.0.25420.1
MinimumVisualStudioVersion = 10.0.40219.1
Project("{2150E333-8FDC-42A3-9474-1A3956D46DE8}") = "Blog", "Blog", "{4F40D6BD-4A3A-4D4B-B2B2-25A5278C0631}"
EndProject
Project("{FAE04EC0-301F-11D3-BF4B-00C04F79EFBC}") = "PartialView", "PartialView\PartialView.csproj", "{8AD0C4EE-0DBA-4570-9425-D87C25448567}"
EndProject
Project("{FAE04EC0-301F-11D3-BF4B-00C04F79EFBC}") = "Blog.Post", "Blog.Post\Blog.Post.csproj", "{44D35281-EDE5-4C42-B8B6-21C137042517}"
EndProject
Project("{FAE04EC0-301F-11D3-BF4B-00C04F79EFBC}") = "Blog.Category", "Blog.Category\Blog.Category.csproj", "{CC949BD3-EB54-4BE3-8D88-514DF34BD274}"
EndProject
Project("{FAE04EC0-301F-11D3-BF4B-00C04F79EFBC}") = "Blog.Admin", "Blog.Admin\Blog.Admin.csproj", "{B00DBC4B-4938-48F6-9C18-7E6DD5969245}"
EndProject
Project("{FAE04EC0-301F-11D3-BF4B-00C04F79EFBC}") = "Blog.NewFeed", "Blog.NewFeed\Blog.NewFeed.csproj", "{469A0542-A006-480B-869A-857AE706F8DF}"
EndProject
Project("{FAE04EC0-301F-11D3-BF4B-00C04F79EFBC}") = "Blog.Profile", "Blog.Profile\Blog.Profile.csproj", "{EDBF420C-DA89-4E4B-9A33-D44C0B0EBBB6}"
EndProject
Project("{FAE04EC0-301F-11D3-BF4B-00C04F79EFBC}") = "Blog.DashBoard", "Blog.DashBoard\Blog.DashBoard.csproj", "{D0766318-F994-45D7-82D1-DCF29D398E0C}"
EndProject
Global
	GlobalSection(SolutionConfigurationPlatforms) = preSolution
		Debug|Any CPU = Debug|Any CPU
		Release|Any CPU = Release|Any CPU
	EndGlobalSection
	GlobalSection(ProjectConfigurationPlatforms) = postSolution
		{8AD0C4EE-0DBA-4570-9425-D87C25448567}.Debug|Any CPU.ActiveCfg = Debug|Any CPU
		{8AD0C4EE-0DBA-4570-9425-D87C25448567}.Debug|Any CPU.Build.0 = Debug|Any CPU
		{8AD0C4EE-0DBA-4570-9425-D87C25448567}.Release|Any CPU.ActiveCfg = Release|Any CPU
		{8AD0C4EE-0DBA-4570-9425-D87C25448567}.Release|Any CPU.Build.0 = Release|Any CPU
		{44D35281-EDE5-4C42-B8B6-21C137042517}.Debug|Any CPU.ActiveCfg = Debug|Any CPU
		{44D35281-EDE5-4C42-B8B6-21C137042517}.Debug|Any CPU.Build.0 = Debug|Any CPU
		{44D35281-EDE5-4C42-B8B6-21C137042517}.Release|Any CPU.ActiveCfg = Release|Any CPU
		{44D35281-EDE5-4C42-B8B6-21C137042517}.Release|Any CPU.Build.0 = Release|Any CPU
		{CC949BD3-EB54-4BE3-8D88-514DF34BD274}.Debug|Any CPU.ActiveCfg = Debug|Any CPU
		{CC949BD3-EB54-4BE3-8D88-514DF34BD274}.Debug|Any CPU.Build.0 = Debug|Any CPU
		{CC949BD3-EB54-4BE3-8D88-514DF34BD274}.Release|Any CPU.ActiveCfg = Release|Any CPU
		{CC949BD3-EB54-4BE3-8D88-514DF34BD274}.Release|Any CPU.Build.0 = Release|Any CPU
		{B00DBC4B-4938-48F6-9C18-7E6DD5969245}.Debug|Any CPU.ActiveCfg = Debug|Any CPU
		{B00DBC4B-4938-48F6-9C18-7E6DD5969245}.Debug|Any CPU.Build.0 = Debug|Any CPU
		{B00DBC4B-4938-48F6-9C18-7E6DD5969245}.Release|Any CPU.ActiveCfg = Release|Any CPU
		{B00DBC4B-4938-48F6-9C18-7E6DD5969245}.Release|Any CPU.Build.0 = Release|Any CPU
		{469A0542-A006-480B-869A-857AE706F8DF}.Debug|Any CPU.ActiveCfg = Debug|Any CPU
		{469A0542-A006-480B-869A-857AE706F8DF}.Debug|Any CPU.Build.0 = Debug|Any CPU
		{469A0542-A006-480B-869A-857AE706F8DF}.Release|Any CPU.ActiveCfg = Release|Any CPU
		{469A0542-A006-480B-869A-857AE706F8DF}.Release|Any CPU.Build.0 = Release|Any CPU
		{EDBF420C-DA89-4E4B-9A33-D44C0B0EBBB6}.Debug|Any CPU.ActiveCfg = Debug|Any CPU
		{EDBF420C-DA89-4E4B-9A33-D44C0B0EBBB6}.Debug|Any CPU.Build.0 = Debug|Any CPU
		{EDBF420C-DA89-4E4B-9A33-D44C0B0EBBB6}.Release|Any CPU.ActiveCfg = Release|Any CPU
		{EDBF420C-DA89-4E4B-9A33-D44C0B0EBBB6}.Release|Any CPU.Build.0 = Release|Any CPU
		{D0766318-F994-45D7-82D1-DCF29D398E0C}.Debug|Any CPU.ActiveCfg = Debug|Any CPU
		{D0766318-F994-45D7-82D1-DCF29D398E0C}.Debug|Any CPU.Build.0 = Debug|Any CPU
		{D0766318-F994-45D7-82D1-DCF29D398E0C}.Release|Any CPU.ActiveCfg = Release|Any CPU
		{D0766318-F994-45D7-82D1-DCF29D398E0C}.Release|Any CPU.Build.0 = Release|Any CPU
	EndGlobalSection
	GlobalSection(SolutionProperties) = preSolution
		HideSolutionNode = FALSE
	EndGlobalSection
	GlobalSection(NestedProjects) = preSolution
		{8AD0C4EE-0DBA-4570-9425-D87C25448567} = {4F40D6BD-4A3A-4D4B-B2B2-25A5278C0631}
		{44D35281-EDE5-4C42-B8B6-21C137042517} = {4F40D6BD-4A3A-4D4B-B2B2-25A5278C0631}
		{CC949BD3-EB54-4BE3-8D88-514DF34BD274} = {4F40D6BD-4A3A-4D4B-B2B2-25A5278C0631}
		{469A0542-A006-480B-869A-857AE706F8DF} = {4F40D6BD-4A3A-4D4B-B2B2-25A5278C0631}
		{EDBF420C-DA89-4E4B-9A33-D44C0B0EBBB6} = {4F40D6BD-4A3A-4D4B-B2B2-25A5278C0631}
		{D0766318-F994-45D7-82D1-DCF29D398E0C} = {4F40D6BD-4A3A-4D4B-B2B2-25A5278C0631}
	EndGlobalSection
EndGlobal
